schema: '2.0'
stages:
  extract_features:
    cmd: python scripts/extract_features.py --config conf/mast3r.yaml
    deps:
    - path: conf/mast3r.yaml
      hash: md5
      md5: 8d6c3d9b7e811ade1cee465872168d69
      size: 4043
    - path: data/baselines/validation_report.json
      hash: md5
      md5: b428f61218ff3efcc9cc9b351c144446
      size: 227
    - path: data/processed/images
      hash: md5
      md5: 49578802f98ce5ff98665ef90ec8ea58.dir
      size: 5812358294
      nfiles: 1945
    - path: data/processed/preprocess_report.json
      hash: md5
      md5: 9429c5532911374ed24e51fbdbc1f691
      size: 12674
    - path: data/train
      hash: md5
      md5: 11d2518b261811cc9330913e36cd75ab.dir
      size: 5134387059
      nfiles: 1958
    - path: data/train_labels.csv
      hash: md5
      md5: 65d4ed3b1e80b4db596acadd29e09f29
      size: 430314
    - path: scripts/extract_features.py
      hash: md5
      md5: c3a31ca550d52b18a592f3057a5503ad
      size: 9278
    outs:
    - path: data/extracted
      hash: md5
      md5: 9638befe2f4bdaa5269b471a9bd47609.dir
      size: 959919
      nfiles: 35
    - path: data/features
      hash: md5
      md5: 773b7127cefbad219d1cf1c1783e32e2.dir
      size: 1687413
      nfiles: 1979
  retrieval:
    cmd: python scripts/retrieval.py --config conf/mast3r.yaml
    deps:
    - path: conf/mast3r.yaml
      hash: md5
      md5: 8d6c3d9b7e811ade1cee465872168d69
      size: 4043
    - path: data/features
      hash: md5
      md5: 773b7127cefbad219d1cf1c1783e32e2.dir
      size: 1687413
      nfiles: 1979
    - path: scripts/retrieval.py
      hash: md5
      md5: a15976d670e45e4d36db721380463f3f
      size: 7260
    outs:
    - path: data/retrieval
      hash: md5
      md5: 5b0a530bbbaccbfdd09bb7f086efe851.dir
      size: 2638470
      nfiles: 34
  generate_pairs:
    cmd: python scripts/generate_pairs.py --config conf/mast3r.yaml
    deps:
    - path: conf/mast3r.yaml
      hash: md5
      md5: 8d6c3d9b7e811ade1cee465872168d69
      size: 4043
    - path: data/retrieval
      hash: md5
      md5: 5b0a530bbbaccbfdd09bb7f086efe851.dir
      size: 2638470
      nfiles: 34
    - path: scripts/generate_pairs.py
      hash: md5
      md5: 594144392a4e6906be2e1c0fd67ffa59
      size: 5719
    outs:
    - path: data/pairs
      hash: md5
      md5: 8f96de67ba34751f3218484a3fe5439f.dir
      size: 1724091
      nfiles: 34
  detect_keypoints:
    cmd: python scripts/detect_keypoints.py --config conf/mast3r.yaml
    deps:
    - path: conf/mast3r.yaml
      hash: md5
      md5: 8d6c3d9b7e811ade1cee465872168d69
      size: 4043
    - path: data/extracted
      hash: md5
      md5: 9638befe2f4bdaa5269b471a9bd47609.dir
      size: 959919
      nfiles: 35
    - path: data/pairs
      hash: md5
      md5: 8f96de67ba34751f3218484a3fe5439f.dir
      size: 1724091
      nfiles: 34
    - path: scripts/detect_keypoints.py
      hash: md5
      md5: a684af7542051b0e8bb5484c0f930ab3
      size: 7557
    outs:
    - path: data/keypoints
      hash: md5
      md5: 2f65f3ddc81324057575743c5383911a.dir
      size: 2085590
      nfiles: 1979
  match:
    cmd: python scripts/match.py --config conf/mast3r.yaml
    deps:
    - path: conf/mast3r.yaml
      hash: md5
      md5: 8d6c3d9b7e811ade1cee465872168d69
      size: 4043
    - path: data/keypoints
      hash: md5
      md5: 2f65f3ddc81324057575743c5383911a.dir
      size: 2085590
      nfiles: 1979
    - path: data/pairs
      hash: md5
      md5: 8f96de67ba34751f3218484a3fe5439f.dir
      size: 1724091
      nfiles: 34
    - path: scripts/match.py
      hash: md5
      md5: 404d9643833e8fe98027c95f2eeb0034
      size: 7567
    outs:
    - path: data/matches
      hash: md5
      md5: 9a686a76590ba38dde6d97219f778783.dir
      size: 6749086
      nfiles: 34
  reconstruct:
    cmd: python scripts/reconstruct.py --config conf/mast3r.yaml
    deps:
    - path: conf/mast3r.yaml
      hash: md5
      md5: 8d6c3d9b7e811ade1cee465872168d69
      size: 4043
    - path: data/extracted
      hash: md5
      md5: 9638befe2f4bdaa5269b471a9bd47609.dir
      size: 959919
      nfiles: 35
    - path: data/matches
      hash: md5
      md5: 9a686a76590ba38dde6d97219f778783.dir
      size: 6749086
      nfiles: 34
    - path: data/train_labels.csv
      hash: md5
      md5: 65d4ed3b1e80b4db596acadd29e09f29
      size: 430314
    - path: scripts/reconstruct.py
      hash: md5
      md5: 07501ea1aa885f7447666ca30fac7a52
      size: 10692
    outs:
    - path: data/reconstruction
      hash: md5
      md5: 5104895b372a55906a0ac61d744186c9.dir
      size: 1483035
      nfiles: 102
  validate:
    cmd: python scripts/validate_data.py
    deps:
    - path: data/train
      hash: md5
      md5: 11d2518b261811cc9330913e36cd75ab.dir
      size: 5134387059
      nfiles: 1958
    - path: data/train_labels.csv
      hash: md5
      md5: 65d4ed3b1e80b4db596acadd29e09f29
      size: 430314
    - path: data/train_thresholds.csv
      hash: md5
      md5: 543f9a7c118d51027be86602f0ac1c49
      size: 1806
    - path: scripts/data.py
      hash: md5
      md5: f4f8fc8508df8eaadd835383da5c20dc
      size: 16992
    - path: scripts/data_schema.py
      hash: md5
      md5: 266cc683be0b08d73a85b842f2376371
      size: 2515
    - path: scripts/validate_data.py
      hash: md5
      md5: 6db726f61a62a39e7f52debeb79d7582
      size: 4652
    outs:
    - path: data/baselines/validation_metrics.json
      hash: md5
      md5: 979a6bd7532451059c904fda59f4293e
      size: 209
    - path: data/baselines/validation_report.json
      hash: md5
      md5: b428f61218ff3efcc9cc9b351c144446
      size: 227
  eda_baselines:
    cmd: python scripts/eda_baselines.py
    deps:
    - path: data/baselines/validation_report.json
      hash: md5
      md5: b428f61218ff3efcc9cc9b351c144446
      size: 227
    - path: data/train
      hash: md5
      md5: 11d2518b261811cc9330913e36cd75ab.dir
      size: 5134387059
      nfiles: 1958
    - path: data/train_labels.csv
      hash: md5
      md5: 65d4ed3b1e80b4db596acadd29e09f29
      size: 430314
    - path: scripts/data.py
      hash: md5
      md5: f4f8fc8508df8eaadd835383da5c20dc
      size: 16992
    - path: scripts/data_schema.py
      hash: md5
      md5: 266cc683be0b08d73a85b842f2376371
      size: 2515
    - path: scripts/eda_baselines.py
      hash: md5
      md5: 291dd014ff3d311edbfeb1ff7771c8ae
      size: 9629
    outs:
    - path: data/baselines/eda_baselines.json
      hash: md5
      md5: 46a8db12a01b363a5d282f3aab395a3b
      size: 936
    - path: data/baselines/eda_metrics.json
      hash: md5
      md5: b15e6b695bebc9f30150b3ee914d524a
      size: 319
  image_preprocess:
    cmd: python scripts/image_processing.py --preprocess-conf 
      conf/preprocess.yaml
    deps:
    - path: conf/preprocess.yaml
      hash: md5
      md5: 2d2e2aef0f4bfb9ededf3202111c7284
      size: 2864
    - path: data/train
      hash: md5
      md5: 11d2518b261811cc9330913e36cd75ab.dir
      size: 5134387059
      nfiles: 1958
    - path: data/train_labels.csv
      hash: md5
      md5: 65d4ed3b1e80b4db596acadd29e09f29
      size: 430314
    - path: pipelines/scene.py
      hash: md5
      md5: 339efa58ff26ab4b3d2e457fa53619f0
      size: 23454
    - path: preprocesses/deblur.py
      hash: md5
      md5: 2ccd59ad0f711a7b92db7f8bd860fe29
      size: 4898
    - path: preprocesses/orientation.py
      hash: md5
      md5: 1cd0c5d177975d5ffe2744fd731e45f6
      size: 7257
    - path: preprocesses/pipeline.py
      hash: md5
      md5: 811a659131aa19127d14471c56d5ab29
      size: 12579
    - path: scripts/data.py
      hash: md5
      md5: f4f8fc8508df8eaadd835383da5c20dc
      size: 16992
    - path: scripts/data_schema.py
      hash: md5
      md5: 266cc683be0b08d73a85b842f2376371
      size: 2515
    - path: scripts/image_processing.py
      hash: md5
      md5: ba4158562703fcf86871be0ff94d5570
      size: 12225
    params:
      conf/preprocess.yaml:
        deblurring.blurry_threshold: 100.0
    outs:
    - path: data/processed/images
      hash: md5
      md5: 49578802f98ce5ff98665ef90ec8ea58.dir
      size: 5812358294
      nfiles: 1945
    - path: data/processed/preprocess_metrics.json
      hash: md5
      md5: 96b1219fe53da841a74b2c0199403027
      size: 312
    - path: data/processed/preprocess_report.json
      hash: md5
      md5: 9429c5532911374ed24e51fbdbc1f691
      size: 12674
  evaluate:
    cmd: python scripts/evaluate.py --config conf/mast3r.yaml
    deps:
    - path: conf/mast3r.yaml
      hash: md5
      md5: 8d6c3d9b7e811ade1cee465872168d69
      size: 4043
    - path: data/reconstruction/eval_prediction.csv
      hash: md5
      md5: f6fc60662403558e4ed3982ce9335043
      size: 527739
    - path: data/train_labels.csv
      hash: md5
      md5: 65d4ed3b1e80b4db596acadd29e09f29
      size: 430314
    - path: data/train_thresholds.csv
      hash: md5
      md5: 543f9a7c118d51027be86602f0ac1c49
      size: 1806
    - path: scripts/evaluate.py
      hash: md5
      md5: 9e1543c1450f556de6a697f84bf9ef26
      size: 15123
    params:
      conf/mast3r.yaml:
        imc2025_pipeline.reconstruction.mapper_max_num_models: 25
        imc2025_pipeline.reconstruction.mapper_min_model_size: 3
        type: imc2025
    outs:
    - path: data/evaluation
      hash: md5
      md5: c22b4b62a893dc6244c1762981b5f2ef.dir
      size: 1928
      nfiles: 2
  prepare:
    cmd: python scripts/prepare_submission.py
    deps:
    - path: data/processed/images
      hash: md5
      md5: 49578802f98ce5ff98665ef90ec8ea58.dir
      size: 5812358294
      nfiles: 1945
    - path: data/train_labels.csv
      hash: md5
      md5: 65d4ed3b1e80b4db596acadd29e09f29
      size: 430314
    - path: scripts/prepare_submission.py
      hash: md5
      md5: 5e808c605ad78ff65ded8b08d145345b
      size: 6297
    outs:
    - path: data/prepared/prepared_input.csv
      hash: md5
      md5: 9cf2c19135fdfc49b6fd233c7ea3c30b
      size: 219370
  run_pipeline:
    cmd: python scripts/reconstruct_scenes.py --config conf/mast3r.yaml 
      --prepared-input data/prepared/prepared_input.csv --output-dir 
      data/reconstruction
    deps:
    - path: conf/mast3r.yaml
      hash: md5
      md5: 8d6c3d9b7e811ade1cee465872168d69
      size: 4043
    - path: data/prepared/prepared_input.csv
      hash: md5
      md5: 9cf2c19135fdfc49b6fd233c7ea3c30b
      size: 219370
    - path: scripts/reconstruct_scenes.py
      hash: md5
      md5: 9c8072d5e4deedbfa1de607d71e47676
      size: 16014
    outs:
    - path: data/reconstruction/eval_prediction.csv
      hash: md5
      md5: f6fc60662403558e4ed3982ce9335043
      size: 527739
    - path: data/reconstruction/reconstruction_metrics.json
      hash: md5
      md5: 933d12d708124644baf340120755d32b
      size: 235
