schema: '2.0'
stages:
  extract_features:
    cmd: python scripts/extract_features.py --config conf/mast3r.yaml
    deps:
    - path: conf/mast3r.yaml
      hash: md5
      md5: 8d6c3d9b7e811ade1cee465872168d69
      size: 4043
    - path: data/baselines/validation_report.json
      hash: md5
      md5: b428f61218ff3efcc9cc9b351c144446
      size: 227
    - path: data/processed/images
      hash: md5
      md5: 7048e5d3d945215f74101f88f845889a.dir
      size: 5812517309
      nfiles: 1945
    - path: data/processed/preprocess_report.json
      hash: md5
      md5: 6855121071c4a895f977ef7da432548e
      size: 12673
    - path: data/train
      hash: md5
      md5: 11d2518b261811cc9330913e36cd75ab.dir
      size: 5134387059
      nfiles: 1958
    - path: scripts/extract_features.py
      hash: md5
      md5: f9fc746f3a4c395fd48eb4ecd74076e8
      size: 7237
    outs:
    - path: data/extracted
      hash: md5
      md5: 171e5f16088d18d7d564c2911474ad6b.dir
      size: 809326
      nfiles: 1
    - path: data/features
      hash: md5
      md5: 287b79ea764cc50ed1cca9dc06f88322.dir
      size: 1616360
      nfiles: 1946
  retrieval:
    cmd: python scripts/retrieval.py --config conf/mast3r.yaml
    deps:
    - path: conf/mast3r.yaml
      hash: md5
      md5: 8d6c3d9b7e811ade1cee465872168d69
      size: 4043
    - path: data/features
      hash: md5
      md5: 287b79ea764cc50ed1cca9dc06f88322.dir
      size: 1616360
      nfiles: 1946
    - path: scripts/retrieval.py
      hash: md5
      md5: cf3807a5b636a4900fa4f9f3f8ae7e65
      size: 5494
    outs:
    - path: data/retrieval
      hash: md5
      md5: 1a3fe080fad1135bf0db3a034e3f875b.dir
      size: 2640891
      nfiles: 1
  generate_pairs:
    cmd: python scripts/generate_pairs.py --config conf/mast3r.yaml
    deps:
    - path: conf/mast3r.yaml
      hash: md5
      md5: 8d6c3d9b7e811ade1cee465872168d69
      size: 4043
    - path: data/retrieval
      hash: md5
      md5: 1a3fe080fad1135bf0db3a034e3f875b.dir
      size: 2640891
      nfiles: 1
    - path: scripts/generate_pairs.py
      hash: md5
      md5: 5367300ed055d14422cc112ec6bdbfd4
      size: 4619
    outs:
    - path: data/pairs
      hash: md5
      md5: 4bc3395c1895befd05dc4ab20834555e.dir
      size: 1917894
      nfiles: 1
  detect_keypoints:
    cmd: python scripts/detect_keypoints.py --config conf/mast3r.yaml
    deps:
    - path: conf/mast3r.yaml
      hash: md5
      md5: 8d6c3d9b7e811ade1cee465872168d69
      size: 4043
    - path: data/extracted
      hash: md5
      md5: 171e5f16088d18d7d564c2911474ad6b.dir
      size: 809326
      nfiles: 1
    - path: data/pairs
      hash: md5
      md5: 4bc3395c1895befd05dc4ab20834555e.dir
      size: 1917894
      nfiles: 1
    - path: scripts/detect_keypoints.py
      hash: md5
      md5: 7b9c4ae1126f1ab2088eded449a75efd
      size: 6217
    outs:
    - path: data/keypoints
      hash: md5
      md5: 8dddaf2aab1b593fae32a120a416e322.dir
      size: 2014377
      nfiles: 1946
  match:
    cmd: python scripts/match.py --config conf/mast3r.yaml
    deps:
    - path: conf/mast3r.yaml
      hash: md5
      md5: 8d6c3d9b7e811ade1cee465872168d69
      size: 4043
    - path: data/keypoints
      hash: md5
      md5: 8dddaf2aab1b593fae32a120a416e322.dir
      size: 2014377
      nfiles: 1946
    - path: data/pairs
      hash: md5
      md5: 4bc3395c1895befd05dc4ab20834555e.dir
      size: 1917894
      nfiles: 1
    - path: scripts/match.py
      hash: md5
      md5: 670fda89ed5b1482814cc91fd2321a3a
      size: 5986
    outs:
    - path: data/matches
      hash: md5
      md5: ccad3bdd5fecdf6b6655928fab8c7abf.dir
      size: 7522937
      nfiles: 1
  reconstruct:
    cmd: python scripts/reconstruct.py --config conf/mast3r.yaml
    deps:
    - path: conf/mast3r.yaml
      hash: md5
      md5: 8d6c3d9b7e811ade1cee465872168d69
      size: 4043
    - path: data/matches
      hash: md5
      md5: ccad3bdd5fecdf6b6655928fab8c7abf.dir
      size: 7522937
      nfiles: 1
    - path: scripts/reconstruct.py
      hash: md5
      md5: df9d8dd510695a560faf8a085b333201
      size: 8856
    outs:
    - path: data/reconstruction
      hash: md5
      md5: 622000381f5311470aadeac316a28ed5.dir
      size: 726689
      nfiles: 2
  validate:
    cmd: python scripts/validate_data.py
    deps:
    - path: data/train
      hash: md5
      md5: 11d2518b261811cc9330913e36cd75ab.dir
      size: 5134387059
      nfiles: 1958
    - path: data/train_labels.csv
      hash: md5
      md5: 65d4ed3b1e80b4db596acadd29e09f29
      size: 430314
    - path: data/train_thresholds.csv
      hash: md5
      md5: 543f9a7c118d51027be86602f0ac1c49
      size: 1806
    - path: scripts/data.py
      hash: md5
      md5: f4f8fc8508df8eaadd835383da5c20dc
      size: 16992
    - path: scripts/data_schema.py
      hash: md5
      md5: 266cc683be0b08d73a85b842f2376371
      size: 2515
    - path: scripts/validate_data.py
      hash: md5
      md5: 6db726f61a62a39e7f52debeb79d7582
      size: 4652
    outs:
    - path: data/baselines/validation_metrics.json
      hash: md5
      md5: 979a6bd7532451059c904fda59f4293e
      size: 209
    - path: data/baselines/validation_report.json
      hash: md5
      md5: b428f61218ff3efcc9cc9b351c144446
      size: 227
  eda_baselines:
    cmd: python scripts/eda_baselines.py
    deps:
    - path: data/baselines/validation_report.json
      hash: md5
      md5: b428f61218ff3efcc9cc9b351c144446
      size: 227
    - path: data/train
      hash: md5
      md5: 11d2518b261811cc9330913e36cd75ab.dir
      size: 5134387059
      nfiles: 1958
    - path: data/train_labels.csv
      hash: md5
      md5: 65d4ed3b1e80b4db596acadd29e09f29
      size: 430314
    - path: scripts/data.py
      hash: md5
      md5: f4f8fc8508df8eaadd835383da5c20dc
      size: 16992
    - path: scripts/data_schema.py
      hash: md5
      md5: 266cc683be0b08d73a85b842f2376371
      size: 2515
    - path: scripts/eda_baselines.py
      hash: md5
      md5: 291dd014ff3d311edbfeb1ff7771c8ae
      size: 9629
    outs:
    - path: data/baselines/eda_baselines.json
      hash: md5
      md5: 46a8db12a01b363a5d282f3aab395a3b
      size: 936
    - path: data/baselines/eda_metrics.json
      hash: md5
      md5: b15e6b695bebc9f30150b3ee914d524a
      size: 319
  image_preprocess:
    cmd: python scripts/image_processing.py --preprocess-conf 
      conf/preprocess.yaml
    deps:
    - path: conf/preprocess.yaml
      hash: md5
      md5: 2d2e2aef0f4bfb9ededf3202111c7284
      size: 2864
    - path: data/train
      hash: md5
      md5: 11d2518b261811cc9330913e36cd75ab.dir
      size: 5134387059
      nfiles: 1958
    - path: data/train_labels.csv
      hash: md5
      md5: 65d4ed3b1e80b4db596acadd29e09f29
      size: 430314
    - path: pipelines/scene.py
      hash: md5
      md5: 721e69c928ca2e1806e7a83ccc2e337b
      size: 23531
    - path: preprocesses/deblur.py
      hash: md5
      md5: 2ccd59ad0f711a7b92db7f8bd860fe29
      size: 4898
    - path: preprocesses/orientation.py
      hash: md5
      md5: 1cd0c5d177975d5ffe2744fd731e45f6
      size: 7257
    - path: preprocesses/pipeline.py
      hash: md5
      md5: 1b8bcc0a72afb1c4706f5c6980b7ee62
      size: 12886
    - path: scripts/data.py
      hash: md5
      md5: f4f8fc8508df8eaadd835383da5c20dc
      size: 16992
    - path: scripts/data_schema.py
      hash: md5
      md5: 266cc683be0b08d73a85b842f2376371
      size: 2515
    - path: scripts/image_processing.py
      hash: md5
      md5: ba4158562703fcf86871be0ff94d5570
      size: 12225
    params:
      conf/preprocess.yaml:
        deblurring.blurry_threshold: 100.0
    outs:
    - path: data/processed/images
      hash: md5
      md5: 7048e5d3d945215f74101f88f845889a.dir
      size: 5812517309
      nfiles: 1945
    - path: data/processed/preprocess_metrics.json
      hash: md5
      md5: 1065f46b2f559107df6ad482b7e64201
      size: 311
    - path: data/processed/preprocess_report.json
      hash: md5
      md5: 6855121071c4a895f977ef7da432548e
      size: 12673
  evaluate:
    cmd: python scripts/evaluate.py --config conf/mast3r.yaml
    deps:
    - path: conf/mast3r.yaml
      hash: md5
      md5: 8d6c3d9b7e811ade1cee465872168d69
      size: 4043
    - path: data/extracted
      hash: md5
      md5: 171e5f16088d18d7d564c2911474ad6b.dir
      size: 809326
      nfiles: 1
    - path: data/reconstruction
      hash: md5
      md5: 622000381f5311470aadeac316a28ed5.dir
      size: 726689
      nfiles: 2
    - path: data/train_labels.csv
      hash: md5
      md5: 65d4ed3b1e80b4db596acadd29e09f29
      size: 430314
    - path: data/train_thresholds.csv
      hash: md5
      md5: 543f9a7c118d51027be86602f0ac1c49
      size: 1806
    - path: scripts/evaluate.py
      hash: md5
      md5: 6e9ce89c99f9ad97b2328f09511e9208
      size: 11361
    params:
      conf/mast3r.yaml:
        imc2025_pipeline.reconstruction.mapper_max_num_models: 25
        imc2025_pipeline.reconstruction.mapper_min_model_size: 3
        type: imc2025
    outs:
    - path: data/metrics
      hash: md5
      md5: 1ef572a348c2de517e3e5e834ee941ff.dir
      size: 430570
      nfiles: 4
